
Microsoft Visual Studio Solution File, Format Version 12.00
# Visual Studio 14
VisualStudioVersion = 14.0.23107.0
MinimumVisualStudioVersion = 10.0.40219.1
Project("{FAE04EC0-301F-11D3-BF4B-00C04F79EFBC}") = "TexasHoldemWebApp", "WebApplication7\TexasHoldemWebApp.csproj", "{A578B90C-AAB2-4431-BE21-2067BE4475B4}"
EndProject
Project("{FAE04EC0-301F-11D3-BF4B-00C04F79EFBC}") = "Communication", "ConsoleApplication1\Communication.csproj", "{647F5F4F-9435-4493-BAF4-69C0E628DC0F}"
EndProject
Global
	GlobalSection(SolutionConfigurationPlatforms) = preSolution
		Debug|Any CPU = Debug|Any CPU
		Release|Any CPU = Release|Any CPU
	EndGlobalSection
	GlobalSection(ProjectConfigurationPlatforms) = postSolution
		{A578B90C-AAB2-4431-BE21-2067BE4475B4}.Debug|Any CPU.ActiveCfg = Debug|Any CPU
		{A578B90C-AAB2-4431-BE21-2067BE4475B4}.Debug|Any CPU.Build.0 = Debug|Any CPU
		{A578B90C-AAB2-4431-BE21-2067BE4475B4}.Release|Any CPU.ActiveCfg = Release|Any CPU
		{A578B90C-AAB2-4431-BE21-2067BE4475B4}.Release|Any CPU.Build.0 = Release|Any CPU
		{647F5F4F-9435-4493-BAF4-69C0E628DC0F}.Debug|Any CPU.ActiveCfg = Debug|Any CPU
		{647F5F4F-9435-4493-BAF4-69C0E628DC0F}.Debug|Any CPU.Build.0 = Debug|Any CPU
		{647F5F4F-9435-4493-BAF4-69C0E628DC0F}.Release|Any CPU.ActiveCfg = Release|Any CPU
		{647F5F4F-9435-4493-BAF4-69C0E628DC0F}.Release|Any CPU.Build.0 = Release|Any CPU
	EndGlobalSection
	GlobalSection(SolutionProperties) = preSolution
		HideSolutionNode = FALSE
	EndGlobalSection
EndGlobal
